{
  "nodes": {
    "home-manager": {
      "inputs": {
        "nixpkgs": [
          "nixpkgs"
        ]
      },
      "locked": {
        "lastModified": 1769580047,
        "narHash": "sha256-tNqCP/+2+peAXXQ2V8RwsBkenlfWMERb+Uy6xmevyhM=",
        "ref": "release-25.11",
        "rev": "366d78c2856de6ab3411c15c1cb4fb4c2bf5c826",
        "revCount": 5855,
        "type": "git",
        "url": "https://gitee.com/mirrors/home-manager-nix.git"
      },
      "original": {
        "ref": "release-25.11",
        "type": "git",
        "url": "https://gitee.com/mirrors/home-manager-nix.git"
      }
    },
    "nixpkgs": {
      "locked": {
        "lastModified": 1770136044,
        "narHash": "sha256-tlFqNG/uzz2++aAmn4v8J0vAkV3z7XngeIIB3rM3650=",
        "ref": "nixos-25.11",
        "rev": "e576e3c9cf9bad747afcddd9e34f51d18c855b4e",
        "shallow": true,
        "type": "git",
        "url": "https://mirrors.nju.edu.cn/git/nixpkgs.git"
      },
      "original": {
        "ref": "nixos-25.11",
        "shallow": true,
        "type": "git",
        "url": "https://mirrors.nju.edu.cn/git/nixpkgs.git"
      }
    },
    "root": {
      "inputs": {
        "home-manager": "home-manager",
        "nixpkgs": "nixpkgs"
      }
    }
  },
  "root": "root",
  "version": 7
}
