{
  "nodes": {
    "dw-proton": {
      "inputs": {
        "nixpkgs": "nixpkgs"
      },
      "locked": {
        "lastModified": 1769939526,
        "narHash": "sha256-OVYxwk0CU76NNaig9Evj4IxD9DpXaYLclGjBh0AhZoI=",
        "owner": "imaviso",
        "repo": "dwproton-flake",
        "rev": "900253635278ce30036059864c387b900e78c64b",
        "type": "github"
      },
      "original": {
        "owner": "imaviso",
        "repo": "dwproton-flake",
        "type": "github"
      }
    },
    "home-manager": {
      "inputs": {
        "nixpkgs": [
          "nixpkgs"
        ]
      },
      "locked": {
        "lastModified": 1769580047,
        "narHash": "sha256-tNqCP/+2+peAXXQ2V8RwsBkenlfWMERb+Uy6xmevyhM=",
        "ref": "release-25.11",
        "rev": "366d78c2856de6ab3411c15c1cb4fb4c2bf5c826",
        "revCount": 5855,
        "type": "git",
        "url": "https://gitee.com/mirrors/home-manager-nix.git"
      },
      "original": {
        "ref": "release-25.11",
        "type": "git",
        "url": "https://gitee.com/mirrors/home-manager-nix.git"
      }
    },
    "nixpkgs": {
      "locked": {
        "lastModified": 1752687322,
        "narHash": "sha256-RKwfXA4OZROjBTQAl9WOZQFm7L8Bo93FQwSJpAiSRvo=",
        "owner": "NixOS",
        "repo": "nixpkgs",
        "rev": "6e987485eb2c77e5dcc5af4e3c70843711ef9251",
        "type": "github"
      },
      "original": {
        "owner": "NixOS",
        "ref": "nixos-unstable",
        "repo": "nixpkgs",
        "type": "github"
      }
    },
    "nixpkgs_2": {
      "locked": {
        "lastModified": 1770136044,
        "narHash": "sha256-tlFqNG/uzz2++aAmn4v8J0vAkV3z7XngeIIB3rM3650=",
        "ref": "nixos-25.11",
        "rev": "e576e3c9cf9bad747afcddd9e34f51d18c855b4e",
        "shallow": true,
        "type": "git",
        "url": "https://mirrors.nju.edu.cn/git/nixpkgs.git"
      },
      "original": {
        "ref": "nixos-25.11",
        "shallow": true,
        "type": "git",
        "url": "https://mirrors.nju.edu.cn/git/nixpkgs.git"
      }
    },
    "root": {
      "inputs": {
        "dw-proton": "dw-proton",
        "home-manager": "home-manager",
        "nixpkgs": "nixpkgs_2"
      }
    }
  },
  "root": "root",
  "version": 7
}
