{
  "nodes": {
    "home-manager": {
      "inputs": {
        "nixpkgs": [
          "nixpkgs"
        ]
      },
      "locked": {
        "lastModified": 1769187349,
        "narHash": "sha256-clG+nT6I2qxjIgk5WoSDKJyNhzKJs9jzbCujPF2S/yg=",
        "ref": "refs/heads/master",
        "rev": "082a4cd87c6089d1d9c58ebe52655f9e07245fcb",
        "revCount": 6143,
        "type": "git",
        "url": "https://gitee.com/mirrors/home-manager-nix.git"
      },
      "original": {
        "type": "git",
        "url": "https://gitee.com/mirrors/home-manager-nix.git"
      }
    },
    "nixpkgs": {
      "locked": {
        "lastModified": 1769318308,
        "narHash": "sha256-Mjx6p96Pkefks3+aA+72lu1xVehb6mv2yTUUqmSet6Q=",
        "ref": "nixos-25.11",
        "rev": "1cd347bf3355fce6c64ab37d3967b4a2cb4b878c",
        "shallow": true,
        "type": "git",
        "url": "https://mirrors.nju.edu.cn/git/nixpkgs.git"
      },
      "original": {
        "ref": "nixos-25.11",
        "shallow": true,
        "type": "git",
        "url": "https://mirrors.nju.edu.cn/git/nixpkgs.git"
      }
    },
    "root": {
      "inputs": {
        "home-manager": "home-manager",
        "nixpkgs": "nixpkgs"
      }
    }
  },
  "root": "root",
  "version": 7
}
